// !$*UTF8*$!
{
	archiveVersion = 1;
	classes = {
	};
	objectVersion = 51;
	objects = {

/* Begin PBXBuildFile section */
		0349F85240B8417A6488DE6D /* Pods_ChuckNorrisFacts_ChuckNorrisFactsUITests.framework in Frameworks */ = {isa = PBXBuildFile; fileRef = 0C77C9D78F57A0784E3D3BD2 /* Pods_ChuckNorrisFacts_ChuckNorrisFactsUITests.framework */; };
		3CD4358E4EB0D3C0002EEE22 /* Pods_ChuckNorrisFactsTests.framework in Frameworks */ = {isa = PBXBuildFile; fileRef = 20110000BE1D3AD633B64468 /* Pods_ChuckNorrisFactsTests.framework */; };
		8A3BE64E753C62FA6A4E36AE /* Pods_ChuckNorrisFacts.framework in Frameworks */ = {isa = PBXBuildFile; fileRef = 725E03844912F5C5728B259D /* Pods_ChuckNorrisFacts.framework */; };
		DD0DFDFB2583E94000877615 /* API.swift in Sources */ = {isa = PBXBuildFile; fileRef = DD0DFDFA2583E94000877615 /* API.swift */; };
		DD0DFE0B2583EC1200877615 /* APIParameters.swift in Sources */ = {isa = PBXBuildFile; fileRef = DD0DFE0A2583EC1200877615 /* APIParameters.swift */; };
		DD0DFE10258402F900877615 /* FactsRepository.swift in Sources */ = {isa = PBXBuildFile; fileRef = DD0DFE0F258402F900877615 /* FactsRepository.swift */; };
		DD0DFE152584036D00877615 /* FactsAPI.swift in Sources */ = {isa = PBXBuildFile; fileRef = DD0DFE142584036D00877615 /* FactsAPI.swift */; };
		DD0DFE1B258407E600877615 /* Fact.swift in Sources */ = {isa = PBXBuildFile; fileRef = DD0DFE1A258407E600877615 /* Fact.swift */; };
		DD258BA22587B25E000B3971 /* RemoteRepository.swift in Sources */ = {isa = PBXBuildFile; fileRef = DD258BA12587B25E000B3971 /* RemoteRepository.swift */; };
		DD258BA72587D44B000B3971 /* Outcome.swift in Sources */ = {isa = PBXBuildFile; fileRef = DD258BA62587D44B000B3971 /* Outcome.swift */; };
		DD258BB42587E8F2000B3971 /* FactSearchResponse.swift in Sources */ = {isa = PBXBuildFile; fileRef = DD258BB32587E8F2000B3971 /* FactSearchResponse.swift */; };
		DD4053A025894DA3009C4DDE /* ChuckNorrisFacts.xcdatamodeld in Sources */ = {isa = PBXBuildFile; fileRef = DD40539E25894DA3009C4DDE /* ChuckNorrisFacts.xcdatamodeld */; };
		DD4053A625894E21009C4DDE /* DatabaseManager.swift in Sources */ = {isa = PBXBuildFile; fileRef = DD4053A525894E21009C4DDE /* DatabaseManager.swift */; };
		DD4053AE25895A12009C4DDE /* SearchTerm.swift in Sources */ = {isa = PBXBuildFile; fileRef = DD4053AD25895A12009C4DDE /* SearchTerm.swift */; };
		DD4053B325895BC9009C4DDE /* CategoryRepository.swift in Sources */ = {isa = PBXBuildFile; fileRef = DD4053B225895BC9009C4DDE /* CategoryRepository.swift */; };
		DD4053B825895D1D009C4DDE /* SearchTermRepository.swift in Sources */ = {isa = PBXBuildFile; fileRef = DD4053B725895D1D009C4DDE /* SearchTermRepository.swift */; };
		DD4053C3258A221C009C4DDE /* FactsScreen.swift in Sources */ = {isa = PBXBuildFile; fileRef = DD4053C2258A221C009C4DDE /* FactsScreen.swift */; };
		DD4053D0258A2818009C4DDE /* FactRow.swift in Sources */ = {isa = PBXBuildFile; fileRef = DD4053CF258A2818009C4DDE /* FactRow.swift */; };
		DD4053D5258A4466009C4DDE /* FactRowModel.swift in Sources */ = {isa = PBXBuildFile; fileRef = DD4053D4258A4466009C4DDE /* FactRowModel.swift */; };
		DDA162A1258009F800AC523F /* ChuckNorrisFactsApp.swift in Sources */ = {isa = PBXBuildFile; fileRef = DDA162A0258009F800AC523F /* ChuckNorrisFactsApp.swift */; };
		DDA162A3258009F800AC523F /* ContentView.swift in Sources */ = {isa = PBXBuildFile; fileRef = DDA162A2258009F800AC523F /* ContentView.swift */; };
		DDA162A5258009F900AC523F /* Assets.xcassets in Resources */ = {isa = PBXBuildFile; fileRef = DDA162A4258009F900AC523F /* Assets.xcassets */; };
		DDA162A8258009F900AC523F /* Preview Assets.xcassets in Resources */ = {isa = PBXBuildFile; fileRef = DDA162A7258009F900AC523F /* Preview Assets.xcassets */; };
		DDA162B3258009F900AC523F /* ChuckNorrisFactsTests.swift in Sources */ = {isa = PBXBuildFile; fileRef = DDA162B2258009F900AC523F /* ChuckNorrisFactsTests.swift */; };
		DDA162BE258009F900AC523F /* ChuckNorrisFactsUITests.swift in Sources */ = {isa = PBXBuildFile; fileRef = DDA162BD258009F900AC523F /* ChuckNorrisFactsUITests.swift */; };
/* End PBXBuildFile section */

/* Begin PBXContainerItemProxy section */
		DDA162AF258009F900AC523F /* PBXContainerItemProxy */ = {
			isa = PBXContainerItemProxy;
			containerPortal = DDA16295258009F800AC523F /* Project object */;
			proxyType = 1;
			remoteGlobalIDString = DDA1629C258009F800AC523F;
			remoteInfo = ChuckNorrisFacts;
		};
		DDA162BA258009F900AC523F /* PBXContainerItemProxy */ = {
			isa = PBXContainerItemProxy;
			containerPortal = DDA16295258009F800AC523F /* Project object */;
			proxyType = 1;
			remoteGlobalIDString = DDA1629C258009F800AC523F;
			remoteInfo = ChuckNorrisFacts;
		};
/* End PBXContainerItemProxy section */

/* Begin PBXFileReference section */
		0016DCEC6534E91E9805A736 /* Pods-ChuckNorrisFactsTests.release.xcconfig */ = {isa = PBXFileReference; includeInIndex = 1; lastKnownFileType = text.xcconfig; name = "Pods-ChuckNorrisFactsTests.release.xcconfig"; path = "Target Support Files/Pods-ChuckNorrisFactsTests/Pods-ChuckNorrisFactsTests.release.xcconfig"; sourceTree = "<group>"; };
		0C77C9D78F57A0784E3D3BD2 /* Pods_ChuckNorrisFacts_ChuckNorrisFactsUITests.framework */ = {isa = PBXFileReference; explicitFileType = wrapper.framework; includeInIndex = 0; path = Pods_ChuckNorrisFacts_ChuckNorrisFactsUITests.framework; sourceTree = BUILT_PRODUCTS_DIR; };
		20110000BE1D3AD633B64468 /* Pods_ChuckNorrisFactsTests.framework */ = {isa = PBXFileReference; explicitFileType = wrapper.framework; includeInIndex = 0; path = Pods_ChuckNorrisFactsTests.framework; sourceTree = BUILT_PRODUCTS_DIR; };
		55AD3E26D81694EB71F7D948 /* Pods-ChuckNorrisFacts-ChuckNorrisFactsUITests.debug.xcconfig */ = {isa = PBXFileReference; includeInIndex = 1; lastKnownFileType = text.xcconfig; name = "Pods-ChuckNorrisFacts-ChuckNorrisFactsUITests.debug.xcconfig"; path = "Target Support Files/Pods-ChuckNorrisFacts-ChuckNorrisFactsUITests/Pods-ChuckNorrisFacts-ChuckNorrisFactsUITests.debug.xcconfig"; sourceTree = "<group>"; };
		68660F64FEF5E1A646DD72FA /* Pods-ChuckNorrisFacts.release.xcconfig */ = {isa = PBXFileReference; includeInIndex = 1; lastKnownFileType = text.xcconfig; name = "Pods-ChuckNorrisFacts.release.xcconfig"; path = "Target Support Files/Pods-ChuckNorrisFacts/Pods-ChuckNorrisFacts.release.xcconfig"; sourceTree = "<group>"; };
		725E03844912F5C5728B259D /* Pods_ChuckNorrisFacts.framework */ = {isa = PBXFileReference; explicitFileType = wrapper.framework; includeInIndex = 0; path = Pods_ChuckNorrisFacts.framework; sourceTree = BUILT_PRODUCTS_DIR; };
		742F6198837E9AF944F74281 /* Pods-ChuckNorrisFacts-ChuckNorrisFactsUITests.release.xcconfig */ = {isa = PBXFileReference; includeInIndex = 1; lastKnownFileType = text.xcconfig; name = "Pods-ChuckNorrisFacts-ChuckNorrisFactsUITests.release.xcconfig"; path = "Target Support Files/Pods-ChuckNorrisFacts-ChuckNorrisFactsUITests/Pods-ChuckNorrisFacts-ChuckNorrisFactsUITests.release.xcconfig"; sourceTree = "<group>"; };
		DD0DFDFA2583E94000877615 /* API.swift */ = {isa = PBXFileReference; lastKnownFileType = sourcecode.swift; path = API.swift; sourceTree = "<group>"; };
		DD0DFE0A2583EC1200877615 /* APIParameters.swift */ = {isa = PBXFileReference; lastKnownFileType = sourcecode.swift; path = APIParameters.swift; sourceTree = "<group>"; };
		DD0DFE0F258402F900877615 /* FactsRepository.swift */ = {isa = PBXFileReference; lastKnownFileType = sourcecode.swift; path = FactsRepository.swift; sourceTree = "<group>"; };
		DD0DFE142584036D00877615 /* FactsAPI.swift */ = {isa = PBXFileReference; lastKnownFileType = sourcecode.swift; path = FactsAPI.swift; sourceTree = "<group>"; };
		DD0DFE1A258407E600877615 /* Fact.swift */ = {isa = PBXFileReference; lastKnownFileType = sourcecode.swift; path = Fact.swift; sourceTree = "<group>"; };
		DD258BA12587B25E000B3971 /* RemoteRepository.swift */ = {isa = PBXFileReference; lastKnownFileType = sourcecode.swift; path = RemoteRepository.swift; sourceTree = "<group>"; };
		DD258BA62587D44B000B3971 /* Outcome.swift */ = {isa = PBXFileReference; lastKnownFileType = sourcecode.swift; path = Outcome.swift; sourceTree = "<group>"; };
		DD258BB32587E8F2000B3971 /* FactSearchResponse.swift */ = {isa = PBXFileReference; lastKnownFileType = sourcecode.swift; path = FactSearchResponse.swift; sourceTree = "<group>"; };
		DD40539F25894DA3009C4DDE /* ChuckNorrisFacts.xcdatamodel */ = {isa = PBXFileReference; lastKnownFileType = wrapper.xcdatamodel; path = ChuckNorrisFacts.xcdatamodel; sourceTree = "<group>"; };
		DD4053A525894E21009C4DDE /* DatabaseManager.swift */ = {isa = PBXFileReference; lastKnownFileType = sourcecode.swift; path = DatabaseManager.swift; sourceTree = "<group>"; };
		DD4053AD25895A12009C4DDE /* SearchTerm.swift */ = {isa = PBXFileReference; lastKnownFileType = sourcecode.swift; path = SearchTerm.swift; sourceTree = "<group>"; };
		DD4053B225895BC9009C4DDE /* CategoryRepository.swift */ = {isa = PBXFileReference; lastKnownFileType = sourcecode.swift; path = CategoryRepository.swift; sourceTree = "<group>"; };
		DD4053B725895D1D009C4DDE /* SearchTermRepository.swift */ = {isa = PBXFileReference; lastKnownFileType = sourcecode.swift; path = SearchTermRepository.swift; sourceTree = "<group>"; };
		DD4053C2258A221C009C4DDE /* FactsScreen.swift */ = {isa = PBXFileReference; lastKnownFileType = sourcecode.swift; path = FactsScreen.swift; sourceTree = "<group>"; };
		DD4053CF258A2818009C4DDE /* FactRow.swift */ = {isa = PBXFileReference; lastKnownFileType = sourcecode.swift; path = FactRow.swift; sourceTree = "<group>"; };
		DD4053D4258A4466009C4DDE /* FactRowModel.swift */ = {isa = PBXFileReference; lastKnownFileType = sourcecode.swift; path = FactRowModel.swift; sourceTree = "<group>"; };
		DDA1629D258009F800AC523F /* ChuckNorrisFacts.app */ = {isa = PBXFileReference; explicitFileType = wrapper.application; includeInIndex = 0; path = ChuckNorrisFacts.app; sourceTree = BUILT_PRODUCTS_DIR; };
		DDA162A0258009F800AC523F /* ChuckNorrisFactsApp.swift */ = {isa = PBXFileReference; lastKnownFileType = sourcecode.swift; path = ChuckNorrisFactsApp.swift; sourceTree = "<group>"; };
		DDA162A2258009F800AC523F /* ContentView.swift */ = {isa = PBXFileReference; lastKnownFileType = sourcecode.swift; path = ContentView.swift; sourceTree = "<group>"; };
		DDA162A4258009F900AC523F /* Assets.xcassets */ = {isa = PBXFileReference; lastKnownFileType = folder.assetcatalog; path = Assets.xcassets; sourceTree = "<group>"; };
		DDA162A7258009F900AC523F /* Preview Assets.xcassets */ = {isa = PBXFileReference; lastKnownFileType = folder.assetcatalog; path = "Preview Assets.xcassets"; sourceTree = "<group>"; };
		DDA162A9258009F900AC523F /* Info.plist */ = {isa = PBXFileReference; lastKnownFileType = text.plist.xml; path = Info.plist; sourceTree = "<group>"; };
		DDA162AE258009F900AC523F /* ChuckNorrisFactsTests.xctest */ = {isa = PBXFileReference; explicitFileType = wrapper.cfbundle; includeInIndex = 0; path = ChuckNorrisFactsTests.xctest; sourceTree = BUILT_PRODUCTS_DIR; };
		DDA162B2258009F900AC523F /* ChuckNorrisFactsTests.swift */ = {isa = PBXFileReference; lastKnownFileType = sourcecode.swift; path = ChuckNorrisFactsTests.swift; sourceTree = "<group>"; };
		DDA162B4258009F900AC523F /* Info.plist */ = {isa = PBXFileReference; lastKnownFileType = text.plist.xml; path = Info.plist; sourceTree = "<group>"; };
		DDA162B9258009F900AC523F /* ChuckNorrisFactsUITests.xctest */ = {isa = PBXFileReference; explicitFileType = wrapper.cfbundle; includeInIndex = 0; path = ChuckNorrisFactsUITests.xctest; sourceTree = BUILT_PRODUCTS_DIR; };
		DDA162BD258009F900AC523F /* ChuckNorrisFactsUITests.swift */ = {isa = PBXFileReference; lastKnownFileType = sourcecode.swift; path = ChuckNorrisFactsUITests.swift; sourceTree = "<group>"; };
		DDA162BF258009F900AC523F /* Info.plist */ = {isa = PBXFileReference; lastKnownFileType = text.plist.xml; path = Info.plist; sourceTree = "<group>"; };
		DEA0322C6A6B99E196C2FB9C /* Pods-ChuckNorrisFactsTests.debug.xcconfig */ = {isa = PBXFileReference; includeInIndex = 1; lastKnownFileType = text.xcconfig; name = "Pods-ChuckNorrisFactsTests.debug.xcconfig"; path = "Target Support Files/Pods-ChuckNorrisFactsTests/Pods-ChuckNorrisFactsTests.debug.xcconfig"; sourceTree = "<group>"; };
		FDC79DDBF0E141C6DFB10213 /* Pods-ChuckNorrisFacts.debug.xcconfig */ = {isa = PBXFileReference; includeInIndex = 1; lastKnownFileType = text.xcconfig; name = "Pods-ChuckNorrisFacts.debug.xcconfig"; path = "Target Support Files/Pods-ChuckNorrisFacts/Pods-ChuckNorrisFacts.debug.xcconfig"; sourceTree = "<group>"; };
/* End PBXFileReference section */

/* Begin PBXFrameworksBuildPhase section */
		DDA1629A258009F800AC523F /* Frameworks */ = {
			isa = PBXFrameworksBuildPhase;
			buildActionMask = 2147483647;
			files = (
				8A3BE64E753C62FA6A4E36AE /* Pods_ChuckNorrisFacts.framework in Frameworks */,
			);
			runOnlyForDeploymentPostprocessing = 0;
		};
		DDA162AB258009F900AC523F /* Frameworks */ = {
			isa = PBXFrameworksBuildPhase;
			buildActionMask = 2147483647;
			files = (
				3CD4358E4EB0D3C0002EEE22 /* Pods_ChuckNorrisFactsTests.framework in Frameworks */,
			);
			runOnlyForDeploymentPostprocessing = 0;
		};
		DDA162B6258009F900AC523F /* Frameworks */ = {
			isa = PBXFrameworksBuildPhase;
			buildActionMask = 2147483647;
			files = (
				0349F85240B8417A6488DE6D /* Pods_ChuckNorrisFacts_ChuckNorrisFactsUITests.framework in Frameworks */,
			);
			runOnlyForDeploymentPostprocessing = 0;
		};
/* End PBXFrameworksBuildPhase section */

/* Begin PBXGroup section */
		14B2D8FD60A36C356AE7C90C /* Frameworks */ = {
			isa = PBXGroup;
			children = (
				725E03844912F5C5728B259D /* Pods_ChuckNorrisFacts.framework */,
				0C77C9D78F57A0784E3D3BD2 /* Pods_ChuckNorrisFacts_ChuckNorrisFactsUITests.framework */,
				20110000BE1D3AD633B64468 /* Pods_ChuckNorrisFactsTests.framework */,
			);
			name = Frameworks;
			sourceTree = "<group>";
		};
		DD0DFE19258407D400877615 /* Model */ = {
			isa = PBXGroup;
			children = (
				DD0DFE1A258407E600877615 /* Fact.swift */,
				DD4053AD25895A12009C4DDE /* SearchTerm.swift */,
			);
			path = Model;
			sourceTree = "<group>";
		};
		DD258BB82587F09D000B3971 /* Model */ = {
			isa = PBXGroup;
			children = (
				DD258BA62587D44B000B3971 /* Outcome.swift */,
				DD258BB32587E8F2000B3971 /* FactSearchResponse.swift */,
			);
			path = Model;
			sourceTree = "<group>";
		};
		DD258BB92587F0AB000B3971 /* Configuration */ = {
			isa = PBXGroup;
			children = (
				DD0DFDFA2583E94000877615 /* API.swift */,
				DD0DFE0A2583EC1200877615 /* APIParameters.swift */,
				DD258BA12587B25E000B3971 /* RemoteRepository.swift */,
			);
			path = Configuration;
			sourceTree = "<group>";
		};
		DD4053A425894DE9009C4DDE /* Database */ = {
			isa = PBXGroup;
			children = (
				DD4053A525894E21009C4DDE /* DatabaseManager.swift */,
			);
			path = Database;
			sourceTree = "<group>";
		};
		DDA16294258009F800AC523F = {
			isa = PBXGroup;
			children = (
				DDA1629F258009F800AC523F /* ChuckNorrisFacts */,
				DDA162B1258009F900AC523F /* ChuckNorrisFactsTests */,
				DDA162BC258009F900AC523F /* ChuckNorrisFactsUITests */,
				DDA1629E258009F800AC523F /* Products */,
				F7F5B38110D5188D2E8D79D4 /* Pods */,
				14B2D8FD60A36C356AE7C90C /* Frameworks */,
			);
			sourceTree = "<group>";
		};
		DDA1629E258009F800AC523F /* Products */ = {
			isa = PBXGroup;
			children = (
				DDA1629D258009F800AC523F /* ChuckNorrisFacts.app */,
				DDA162AE258009F900AC523F /* ChuckNorrisFactsTests.xctest */,
				DDA162B9258009F900AC523F /* ChuckNorrisFactsUITests.xctest */,
			);
			name = Products;
			sourceTree = "<group>";
		};
		DDA1629F258009F800AC523F /* ChuckNorrisFacts */ = {
			isa = PBXGroup;
			children = (
				DDB139302583AAA800552595 /* Facts */,
				DD0DFE19258407D400877615 /* Model */,
				DDA162D225810C2000AC523F /* Repository */,
				DDB139312583AAB200552595 /* Search */,
				DDA162A0258009F800AC523F /* ChuckNorrisFactsApp.swift */,
				DDA162A2258009F800AC523F /* ContentView.swift */,
				DDA162A4258009F900AC523F /* Assets.xcassets */,
				DDA162A9258009F900AC523F /* Info.plist */,
				DDA162A6258009F900AC523F /* Preview Content */,
				DD40539E25894DA3009C4DDE /* ChuckNorrisFacts.xcdatamodeld */,
			);
			path = ChuckNorrisFacts;
			sourceTree = "<group>";
		};
		DDA162A6258009F900AC523F /* Preview Content */ = {
			isa = PBXGroup;
			children = (
				DDA162A7258009F900AC523F /* Preview Assets.xcassets */,
			);
			path = "Preview Content";
			sourceTree = "<group>";
		};
		DDA162B1258009F900AC523F /* ChuckNorrisFactsTests */ = {
			isa = PBXGroup;
			children = (
				DDA162B2258009F900AC523F /* ChuckNorrisFactsTests.swift */,
				DDA162B4258009F900AC523F /* Info.plist */,
			);
			path = ChuckNorrisFactsTests;
			sourceTree = "<group>";
		};
		DDA162BC258009F900AC523F /* ChuckNorrisFactsUITests */ = {
			isa = PBXGroup;
			children = (
				DDA162BD258009F900AC523F /* ChuckNorrisFactsUITests.swift */,
				DDA162BF258009F900AC523F /* Info.plist */,
			);
			path = ChuckNorrisFactsUITests;
			sourceTree = "<group>";
		};
		DDA162D225810C2000AC523F /* Repository */ = {
			isa = PBXGroup;
			children = (
				DD4053A425894DE9009C4DDE /* Database */,
				DD0DFE142584036D00877615 /* FactsAPI.swift */,
				DD4053B225895BC9009C4DDE /* CategoryRepository.swift */,
				DD0DFE0F258402F900877615 /* FactsRepository.swift */,
				DD4053B725895D1D009C4DDE /* SearchTermRepository.swift */,
				DD258BB92587F0AB000B3971 /* Configuration */,
				DD258BB82587F09D000B3971 /* Model */,
			);
			path = Repository;
			sourceTree = "<group>";
		};
		DDB139302583AAA800552595 /* Facts */ = {
			isa = PBXGroup;
			children = (
				DD4053C2258A221C009C4DDE /* FactsScreen.swift */,
				DD4053CF258A2818009C4DDE /* FactRow.swift */,
				DD4053D4258A4466009C4DDE /* FactRowModel.swift */,
			);
			path = Facts;
			sourceTree = "<group>";
		};
		DDB139312583AAB200552595 /* Search */ = {
			isa = PBXGroup;
			children = (
			);
			path = Search;
			sourceTree = "<group>";
		};
		F7F5B38110D5188D2E8D79D4 /* Pods */ = {
			isa = PBXGroup;
			children = (
				FDC79DDBF0E141C6DFB10213 /* Pods-ChuckNorrisFacts.debug.xcconfig */,
				68660F64FEF5E1A646DD72FA /* Pods-ChuckNorrisFacts.release.xcconfig */,
				55AD3E26D81694EB71F7D948 /* Pods-ChuckNorrisFacts-ChuckNorrisFactsUITests.debug.xcconfig */,
				742F6198837E9AF944F74281 /* Pods-ChuckNorrisFacts-ChuckNorrisFactsUITests.release.xcconfig */,
				DEA0322C6A6B99E196C2FB9C /* Pods-ChuckNorrisFactsTests.debug.xcconfig */,
				0016DCEC6534E91E9805A736 /* Pods-ChuckNorrisFactsTests.release.xcconfig */,
			);
			path = Pods;
			sourceTree = "<group>";
		};
/* End PBXGroup section */

/* Begin PBXNativeTarget section */
		DDA1629C258009F800AC523F /* ChuckNorrisFacts */ = {
			isa = PBXNativeTarget;
			buildConfigurationList = DDA162C2258009F900AC523F /* Build configuration list for PBXNativeTarget "ChuckNorrisFacts" */;
			buildPhases = (
				BDF3E527CF7A4294BA37D884 /* [CP] Check Pods Manifest.lock */,
				DDA16299258009F800AC523F /* Sources */,
				DDA1629A258009F800AC523F /* Frameworks */,
				DDA1629B258009F800AC523F /* Resources */,
				2484E89C279F5EBC59450481 /* [CP] Embed Pods Frameworks */,
			);
			buildRules = (
			);
			dependencies = (
			);
			name = ChuckNorrisFacts;
			productName = ChuckNorrisFacts;
			productReference = DDA1629D258009F800AC523F /* ChuckNorrisFacts.app */;
			productType = "com.apple.product-type.application";
		};
		DDA162AD258009F900AC523F /* ChuckNorrisFactsTests */ = {
			isa = PBXNativeTarget;
			buildConfigurationList = DDA162C5258009F900AC523F /* Build configuration list for PBXNativeTarget "ChuckNorrisFactsTests" */;
			buildPhases = (
				FC073A8F085CDC3F5272AD0C /* [CP] Check Pods Manifest.lock */,
				DDA162AA258009F900AC523F /* Sources */,
				DDA162AB258009F900AC523F /* Frameworks */,
				DDA162AC258009F900AC523F /* Resources */,
			);
			buildRules = (
			);
			dependencies = (
				DDA162B0258009F900AC523F /* PBXTargetDependency */,
			);
			name = ChuckNorrisFactsTests;
			productName = ChuckNorrisFactsTests;
			productReference = DDA162AE258009F900AC523F /* ChuckNorrisFactsTests.xctest */;
			productType = "com.apple.product-type.bundle.unit-test";
		};
		DDA162B8258009F900AC523F /* ChuckNorrisFactsUITests */ = {
			isa = PBXNativeTarget;
			buildConfigurationList = DDA162C8258009F900AC523F /* Build configuration list for PBXNativeTarget "ChuckNorrisFactsUITests" */;
			buildPhases = (
				0D3DFD86C31FEB72B9989073 /* [CP] Check Pods Manifest.lock */,
				DDA162B5258009F900AC523F /* Sources */,
				DDA162B6258009F900AC523F /* Frameworks */,
				DDA162B7258009F900AC523F /* Resources */,
				B2A0E37FD0E0D6ED1FABB703 /* [CP] Embed Pods Frameworks */,
			);
			buildRules = (
			);
			dependencies = (
				DDA162BB258009F900AC523F /* PBXTargetDependency */,
			);
			name = ChuckNorrisFactsUITests;
			productName = ChuckNorrisFactsUITests;
			productReference = DDA162B9258009F900AC523F /* ChuckNorrisFactsUITests.xctest */;
			productType = "com.apple.product-type.bundle.ui-testing";
		};
/* End PBXNativeTarget section */

/* Begin PBXProject section */
		DDA16295258009F800AC523F /* Project object */ = {
			isa = PBXProject;
			attributes = {
				LastSwiftUpdateCheck = 1220;
				LastUpgradeCheck = 1220;
				TargetAttributes = {
					DDA1629C258009F800AC523F = {
						CreatedOnToolsVersion = 12.2;
					};
					DDA162AD258009F900AC523F = {
						CreatedOnToolsVersion = 12.2;
						TestTargetID = DDA1629C258009F800AC523F;
					};
					DDA162B8258009F900AC523F = {
						CreatedOnToolsVersion = 12.2;
						TestTargetID = DDA1629C258009F800AC523F;
					};
				};
			};
			buildConfigurationList = DDA16298258009F800AC523F /* Build configuration list for PBXProject "ChuckNorrisFacts" */;
			compatibilityVersion = "Xcode 9.3";
			developmentRegion = en;
			hasScannedForEncodings = 0;
			knownRegions = (
				en,
				Base,
			);
			mainGroup = DDA16294258009F800AC523F;
			productRefGroup = DDA1629E258009F800AC523F /* Products */;
			projectDirPath = "";
			projectRoot = "";
			targets = (
				DDA1629C258009F800AC523F /* ChuckNorrisFacts */,
				DDA162AD258009F900AC523F /* ChuckNorrisFactsTests */,
				DDA162B8258009F900AC523F /* ChuckNorrisFactsUITests */,
			);
		};
/* End PBXProject section */

/* Begin PBXResourcesBuildPhase section */
		DDA1629B258009F800AC523F /* Resources */ = {
			isa = PBXResourcesBuildPhase;
			buildActionMask = 2147483647;
			files = (
				DDA162A8258009F900AC523F /* Preview Assets.xcassets in Resources */,
				DDA162A5258009F900AC523F /* Assets.xcassets in Resources */,
			);
			runOnlyForDeploymentPostprocessing = 0;
		};
		DDA162AC258009F900AC523F /* Resources */ = {
			isa = PBXResourcesBuildPhase;
			buildActionMask = 2147483647;
			files = (
			);
			runOnlyForDeploymentPostprocessing = 0;
		};
		DDA162B7258009F900AC523F /* Resources */ = {
			isa = PBXResourcesBuildPhase;
			buildActionMask = 2147483647;
			files = (
			);
			runOnlyForDeploymentPostprocessing = 0;
		};
/* End PBXResourcesBuildPhase section */

/* Begin PBXShellScriptBuildPhase section */
		0D3DFD86C31FEB72B9989073 /* [CP] Check Pods Manifest.lock */ = {
			isa = PBXShellScriptBuildPhase;
			buildActionMask = 2147483647;
			files = (
			);
			inputFileListPaths = (
			);
			inputPaths = (
				"${PODS_PODFILE_DIR_PATH}/Podfile.lock",
				"${PODS_ROOT}/Manifest.lock",
			);
			name = "[CP] Check Pods Manifest.lock";
			outputFileListPaths = (
			);
			outputPaths = (
				"$(DERIVED_FILE_DIR)/Pods-ChuckNorrisFacts-ChuckNorrisFactsUITests-checkManifestLockResult.txt",
			);
			runOnlyForDeploymentPostprocessing = 0;
			shellPath = /bin/sh;
			shellScript = "diff \"${PODS_PODFILE_DIR_PATH}/Podfile.lock\" \"${PODS_ROOT}/Manifest.lock\" > /dev/null\nif [ $? != 0 ] ; then\n    # print error to STDERR\n    echo \"error: The sandbox is not in sync with the Podfile.lock. Run 'pod install' or update your CocoaPods installation.\" >&2\n    exit 1\nfi\n# This output is used by Xcode 'outputs' to avoid re-running this script phase.\necho \"SUCCESS\" > \"${SCRIPT_OUTPUT_FILE_0}\"\n";
			showEnvVarsInLog = 0;
		};
		2484E89C279F5EBC59450481 /* [CP] Embed Pods Frameworks */ = {
			isa = PBXShellScriptBuildPhase;
			buildActionMask = 2147483647;
			files = (
			);
			inputFileListPaths = (
				"${PODS_ROOT}/Target Support Files/Pods-ChuckNorrisFacts/Pods-ChuckNorrisFacts-frameworks-${CONFIGURATION}-input-files.xcfilelist",
			);
			name = "[CP] Embed Pods Frameworks";
			outputFileListPaths = (
				"${PODS_ROOT}/Target Support Files/Pods-ChuckNorrisFacts/Pods-ChuckNorrisFacts-frameworks-${CONFIGURATION}-output-files.xcfilelist",
			);
			runOnlyForDeploymentPostprocessing = 0;
			shellPath = /bin/sh;
			shellScript = "\"${PODS_ROOT}/Target Support Files/Pods-ChuckNorrisFacts/Pods-ChuckNorrisFacts-frameworks.sh\"\n";
			showEnvVarsInLog = 0;
		};
		B2A0E37FD0E0D6ED1FABB703 /* [CP] Embed Pods Frameworks */ = {
			isa = PBXShellScriptBuildPhase;
			buildActionMask = 2147483647;
			files = (
			);
			inputFileListPaths = (
				"${PODS_ROOT}/Target Support Files/Pods-ChuckNorrisFacts-ChuckNorrisFactsUITests/Pods-ChuckNorrisFacts-ChuckNorrisFactsUITests-frameworks-${CONFIGURATION}-input-files.xcfilelist",
			);
			name = "[CP] Embed Pods Frameworks";
			outputFileListPaths = (
				"${PODS_ROOT}/Target Support Files/Pods-ChuckNorrisFacts-ChuckNorrisFactsUITests/Pods-ChuckNorrisFacts-ChuckNorrisFactsUITests-frameworks-${CONFIGURATION}-output-files.xcfilelist",
			);
			runOnlyForDeploymentPostprocessing = 0;
			shellPath = /bin/sh;
			shellScript = "\"${PODS_ROOT}/Target Support Files/Pods-ChuckNorrisFacts-ChuckNorrisFactsUITests/Pods-ChuckNorrisFacts-ChuckNorrisFactsUITests-frameworks.sh\"\n";
			showEnvVarsInLog = 0;
		};
		BDF3E527CF7A4294BA37D884 /* [CP] Check Pods Manifest.lock */ = {
			isa = PBXShellScriptBuildPhase;
			buildActionMask = 2147483647;
			files = (
			);
			inputFileListPaths = (
			);
			inputPaths = (
				"${PODS_PODFILE_DIR_PATH}/Podfile.lock",
				"${PODS_ROOT}/Manifest.lock",
			);
			name = "[CP] Check Pods Manifest.lock";
			outputFileListPaths = (
			);
			outputPaths = (
				"$(DERIVED_FILE_DIR)/Pods-ChuckNorrisFacts-checkManifestLockResult.txt",
			);
			runOnlyForDeploymentPostprocessing = 0;
			shellPath = /bin/sh;
			shellScript = "diff \"${PODS_PODFILE_DIR_PATH}/Podfile.lock\" \"${PODS_ROOT}/Manifest.lock\" > /dev/null\nif [ $? != 0 ] ; then\n    # print error to STDERR\n    echo \"error: The sandbox is not in sync with the Podfile.lock. Run 'pod install' or update your CocoaPods installation.\" >&2\n    exit 1\nfi\n# This output is used by Xcode 'outputs' to avoid re-running this script phase.\necho \"SUCCESS\" > \"${SCRIPT_OUTPUT_FILE_0}\"\n";
			showEnvVarsInLog = 0;
		};
		FC073A8F085CDC3F5272AD0C /* [CP] Check Pods Manifest.lock */ = {
			isa = PBXShellScriptBuildPhase;
			buildActionMask = 2147483647;
			files = (
			);
			inputFileListPaths = (
			);
			inputPaths = (
				"${PODS_PODFILE_DIR_PATH}/Podfile.lock",
				"${PODS_ROOT}/Manifest.lock",
			);
			name = "[CP] Check Pods Manifest.lock";
			outputFileListPaths = (
			);
			outputPaths = (
				"$(DERIVED_FILE_DIR)/Pods-ChuckNorrisFactsTests-checkManifestLockResult.txt",
			);
			runOnlyForDeploymentPostprocessing = 0;
			shellPath = /bin/sh;
			shellScript = "diff \"${PODS_PODFILE_DIR_PATH}/Podfile.lock\" \"${PODS_ROOT}/Manifest.lock\" > /dev/null\nif [ $? != 0 ] ; then\n    # print error to STDERR\n    echo \"error: The sandbox is not in sync with the Podfile.lock. Run 'pod install' or update your CocoaPods installation.\" >&2\n    exit 1\nfi\n# This output is used by Xcode 'outputs' to avoid re-running this script phase.\necho \"SUCCESS\" > \"${SCRIPT_OUTPUT_FILE_0}\"\n";
			showEnvVarsInLog = 0;
		};
/* End PBXShellScriptBuildPhase section */

/* Begin PBXSourcesBuildPhase section */
		DDA16299258009F800AC523F /* Sources */ = {
			isa = PBXSourcesBuildPhase;
			buildActionMask = 2147483647;
			files = (
				DD258BB42587E8F2000B3971 /* FactSearchResponse.swift in Sources */,
				DD0DFE152584036D00877615 /* FactsAPI.swift in Sources */,
				DD0DFE0B2583EC1200877615 /* APIParameters.swift in Sources */,
				DD258BA72587D44B000B3971 /* Outcome.swift in Sources */,
				DDA162A3258009F800AC523F /* ContentView.swift in Sources */,
				DD0DFE10258402F900877615 /* FactsRepository.swift in Sources */,
				DD0DFE1B258407E600877615 /* Fact.swift in Sources */,
				DD258BA22587B25E000B3971 /* RemoteRepository.swift in Sources */,
				DD4053A625894E21009C4DDE /* DatabaseManager.swift in Sources */,
				DD4053D0258A2818009C4DDE /* FactRow.swift in Sources */,
				DD0DFDFB2583E94000877615 /* API.swift in Sources */,
				DD4053B825895D1D009C4DDE /* SearchTermRepository.swift in Sources */,
				DDA162A1258009F800AC523F /* ChuckNorrisFactsApp.swift in Sources */,
				DD4053B325895BC9009C4DDE /* CategoryRepository.swift in Sources */,
				DD4053C3258A221C009C4DDE /* FactsScreen.swift in Sources */,
				DD4053A025894DA3009C4DDE /* ChuckNorrisFacts.xcdatamodeld in Sources */,
				DD4053D5258A4466009C4DDE /* FactRowModel.swift in Sources */,
				DD4053AE25895A12009C4DDE /* SearchTerm.swift in Sources */,
			);
			runOnlyForDeploymentPostprocessing = 0;
		};
		DDA162AA258009F900AC523F /* Sources */ = {
			isa = PBXSourcesBuildPhase;
			buildActionMask = 2147483647;
			files = (
				DDA162B3258009F900AC523F /* ChuckNorrisFactsTests.swift in Sources */,
			);
			runOnlyForDeploymentPostprocessing = 0;
		};
		DDA162B5258009F900AC523F /* Sources */ = {
			isa = PBXSourcesBuildPhase;
			buildActionMask = 2147483647;
			files = (
				DDA162BE258009F900AC523F /* ChuckNorrisFactsUITests.swift in Sources */,
			);
			runOnlyForDeploymentPostprocessing = 0;
		};
/* End PBXSourcesBuildPhase section */

/* Begin PBXTargetDependency section */
		DDA162B0258009F900AC523F /* PBXTargetDependency */ = {
			isa = PBXTargetDependency;
			target = DDA1629C258009F800AC523F /* ChuckNorrisFacts */;
			targetProxy = DDA162AF258009F900AC523F /* PBXContainerItemProxy */;
		};
		DDA162BB258009F900AC523F /* PBXTargetDependency */ = {
			isa = PBXTargetDependency;
			target = DDA1629C258009F800AC523F /* ChuckNorrisFacts */;
			targetProxy = DDA162BA258009F900AC523F /* PBXContainerItemProxy */;
		};
/* End PBXTargetDependency section */

/* Begin XCBuildConfiguration section */
		DDA162C0258009F900AC523F /* Debug */ = {
			isa = XCBuildConfiguration;
			buildSettings = {
				ALWAYS_SEARCH_USER_PATHS = NO;
				CLANG_ANALYZER_NONNULL = YES;
				CLANG_ANALYZER_NUMBER_OBJECT_CONVERSION = YES_AGGRESSIVE;
				CLANG_CXX_LANGUAGE_STANDARD = "gnu++14";
				CLANG_CXX_LIBRARY = "libc++";
				CLANG_ENABLE_MODULES = YES;
				CLANG_ENABLE_OBJC_ARC = YES;
				CLANG_ENABLE_OBJC_WEAK = YES;
				CLANG_WARN_BLOCK_CAPTURE_AUTORELEASING = YES;
				CLANG_WARN_BOOL_CONVERSION = YES;
				CLANG_WARN_COMMA = YES;
				CLANG_WARN_CONSTANT_CONVERSION = YES;
				CLANG_WARN_DEPRECATED_OBJC_IMPLEMENTATIONS = YES;
				CLANG_WARN_DIRECT_OBJC_ISA_USAGE = YES_ERROR;
				CLANG_WARN_DOCUMENTATION_COMMENTS = YES;
				CLANG_WARN_EMPTY_BODY = YES;
				CLANG_WARN_ENUM_CONVERSION = YES;
				CLANG_WARN_INFINITE_RECURSION = YES;
				CLANG_WARN_INT_CONVERSION = YES;
				CLANG_WARN_NON_LITERAL_NULL_CONVERSION = YES;
				CLANG_WARN_OBJC_IMPLICIT_RETAIN_SELF = YES;
				CLANG_WARN_OBJC_LITERAL_CONVERSION = YES;
				CLANG_WARN_OBJC_ROOT_CLASS = YES_ERROR;
				CLANG_WARN_QUOTED_INCLUDE_IN_FRAMEWORK_HEADER = YES;
				CLANG_WARN_RANGE_LOOP_ANALYSIS = YES;
				CLANG_WARN_STRICT_PROTOTYPES = YES;
				CLANG_WARN_SUSPICIOUS_MOVE = YES;
				CLANG_WARN_UNGUARDED_AVAILABILITY = YES_AGGRESSIVE;
				CLANG_WARN_UNREACHABLE_CODE = YES;
				CLANG_WARN__DUPLICATE_METHOD_MATCH = YES;
				COPY_PHASE_STRIP = NO;
				DEBUG_INFORMATION_FORMAT = dwarf;
				ENABLE_STRICT_OBJC_MSGSEND = YES;
				ENABLE_TESTABILITY = YES;
				GCC_C_LANGUAGE_STANDARD = gnu11;
				GCC_DYNAMIC_NO_PIC = NO;
				GCC_NO_COMMON_BLOCKS = YES;
				GCC_OPTIMIZATION_LEVEL = 0;
				GCC_PREPROCESSOR_DEFINITIONS = (
					"DEBUG=1",
					"$(inherited)",
				);
				GCC_WARN_64_TO_32_BIT_CONVERSION = YES;
				GCC_WARN_ABOUT_RETURN_TYPE = YES_ERROR;
				GCC_WARN_UNDECLARED_SELECTOR = YES;
				GCC_WARN_UNINITIALIZED_AUTOS = YES_AGGRESSIVE;
				GCC_WARN_UNUSED_FUNCTION = YES;
				GCC_WARN_UNUSED_VARIABLE = YES;
				IPHONEOS_DEPLOYMENT_TARGET = 14.2;
				MTL_ENABLE_DEBUG_INFO = INCLUDE_SOURCE;
				MTL_FAST_MATH = YES;
				ONLY_ACTIVE_ARCH = YES;
				SDKROOT = iphoneos;
				SWIFT_ACTIVE_COMPILATION_CONDITIONS = DEBUG;
				SWIFT_OPTIMIZATION_LEVEL = "-Onone";
			};
			name = Debug;
		};
		DDA162C1258009F900AC523F /* Release */ = {
			isa = XCBuildConfiguration;
			buildSettings = {
				ALWAYS_SEARCH_USER_PATHS = NO;
				CLANG_ANALYZER_NONNULL = YES;
				CLANG_ANALYZER_NUMBER_OBJECT_CONVERSION = YES_AGGRESSIVE;
				CLANG_CXX_LANGUAGE_STANDARD = "gnu++14";
				CLANG_CXX_LIBRARY = "libc++";
				CLANG_ENABLE_MODULES = YES;
				CLANG_ENABLE_OBJC_ARC = YES;
				CLANG_ENABLE_OBJC_WEAK = YES;
				CLANG_WARN_BLOCK_CAPTURE_AUTORELEASING = YES;
				CLANG_WARN_BOOL_CONVERSION = YES;
				CLANG_WARN_COMMA = YES;
				CLANG_WARN_CONSTANT_CONVERSION = YES;
				CLANG_WARN_DEPRECATED_OBJC_IMPLEMENTATIONS = YES;
				CLANG_WARN_DIRECT_OBJC_ISA_USAGE = YES_ERROR;
				CLANG_WARN_DOCUMENTATION_COMMENTS = YES;
				CLANG_WARN_EMPTY_BODY = YES;
				CLANG_WARN_ENUM_CONVERSION = YES;
				CLANG_WARN_INFINITE_RECURSION = YES;
				CLANG_WARN_INT_CONVERSION = YES;
				CLANG_WARN_NON_LITERAL_NULL_CONVERSION = YES;
				CLANG_WARN_OBJC_IMPLICIT_RETAIN_SELF = YES;
				CLANG_WARN_OBJC_LITERAL_CONVERSION = YES;
				CLANG_WARN_OBJC_ROOT_CLASS = YES_ERROR;
				CLANG_WARN_QUOTED_INCLUDE_IN_FRAMEWORK_HEADER = YES;
				CLANG_WARN_RANGE_LOOP_ANALYSIS = YES;
				CLANG_WARN_STRICT_PROTOTYPES = YES;
				CLANG_WARN_SUSPICIOUS_MOVE = YES;
				CLANG_WARN_UNGUARDED_AVAILABILITY = YES_AGGRESSIVE;
				CLANG_WARN_UNREACHABLE_CODE = YES;
				CLANG_WARN__DUPLICATE_METHOD_MATCH = YES;
				COPY_PHASE_STRIP = NO;
				DEBUG_INFORMATION_FORMAT = "dwarf-with-dsym";
				ENABLE_NS_ASSERTIONS = NO;
				ENABLE_STRICT_OBJC_MSGSEND = YES;
				GCC_C_LANGUAGE_STANDARD = gnu11;
				GCC_NO_COMMON_BLOCKS = YES;
				GCC_WARN_64_TO_32_BIT_CONVERSION = YES;
				GCC_WARN_ABOUT_RETURN_TYPE = YES_ERROR;
				GCC_WARN_UNDECLARED_SELECTOR = YES;
				GCC_WARN_UNINITIALIZED_AUTOS = YES_AGGRESSIVE;
				GCC_WARN_UNUSED_FUNCTION = YES;
				GCC_WARN_UNUSED_VARIABLE = YES;
				IPHONEOS_DEPLOYMENT_TARGET = 14.2;
				MTL_ENABLE_DEBUG_INFO = NO;
				MTL_FAST_MATH = YES;
				SDKROOT = iphoneos;
				SWIFT_COMPILATION_MODE = wholemodule;
				SWIFT_OPTIMIZATION_LEVEL = "-O";
				VALIDATE_PRODUCT = YES;
			};
			name = Release;
		};
		DDA162C3258009F900AC523F /* Debug */ = {
			isa = XCBuildConfiguration;
			baseConfigurationReference = FDC79DDBF0E141C6DFB10213 /* Pods-ChuckNorrisFacts.debug.xcconfig */;
			buildSettings = {
				ASSETCATALOG_COMPILER_APPICON_NAME = AppIcon;
				ASSETCATALOG_COMPILER_GLOBAL_ACCENT_COLOR_NAME = AccentColor;
				CODE_SIGN_STYLE = Automatic;
				DEVELOPMENT_ASSET_PATHS = "\"ChuckNorrisFacts/Preview Content\"";
				ENABLE_PREVIEWS = YES;
				INFOPLIST_FILE = ChuckNorrisFacts/Info.plist;
				IPHONEOS_DEPLOYMENT_TARGET = 14.0;
				LD_RUNPATH_SEARCH_PATHS = (
					"$(inherited)",
					"@executable_path/Frameworks",
				);
				PRODUCT_BUNDLE_IDENTIFIER = br.com.pedroalmeida.ChuckNorrisFacts;
				PRODUCT_NAME = "$(TARGET_NAME)";
				SWIFT_VERSION = 5.0;
				TARGETED_DEVICE_FAMILY = "1,2";
			};
			name = Debug;
		};
		DDA162C4258009F900AC523F /* Release */ = {
			isa = XCBuildConfiguration;
			baseConfigurationReference = 68660F64FEF5E1A646DD72FA /* Pods-ChuckNorrisFacts.release.xcconfig */;
			buildSettings = {
				ASSETCATALOG_COMPILER_APPICON_NAME = AppIcon;
				ASSETCATALOG_COMPILER_GLOBAL_ACCENT_COLOR_NAME = AccentColor;
				CODE_SIGN_STYLE = Automatic;
				DEVELOPMENT_ASSET_PATHS = "\"ChuckNorrisFacts/Preview Content\"";
				ENABLE_PREVIEWS = YES;
				INFOPLIST_FILE = ChuckNorrisFacts/Info.plist;
				IPHONEOS_DEPLOYMENT_TARGET = 14.0;
				LD_RUNPATH_SEARCH_PATHS = (
					"$(inherited)",
					"@executable_path/Frameworks",
				);
				PRODUCT_BUNDLE_IDENTIFIER = br.com.pedroalmeida.ChuckNorrisFacts;
				PRODUCT_NAME = "$(TARGET_NAME)";
				SWIFT_VERSION = 5.0;
				TARGETED_DEVICE_FAMILY = "1,2";
			};
			name = Release;
		};
		DDA162C6258009F900AC523F /* Debug */ = {
			isa = XCBuildConfiguration;
			baseConfigurationReference = DEA0322C6A6B99E196C2FB9C /* Pods-ChuckNorrisFactsTests.debug.xcconfig */;
			buildSettings = {
				ALWAYS_EMBED_SWIFT_STANDARD_LIBRARIES = YES;
				BUNDLE_LOADER = "$(TEST_HOST)";
				CODE_SIGN_STYLE = Automatic;
				INFOPLIST_FILE = ChuckNorrisFactsTests/Info.plist;
				IPHONEOS_DEPLOYMENT_TARGET = 14.0;
				LD_RUNPATH_SEARCH_PATHS = (
					"$(inherited)",
					"@executable_path/Frameworks",
					"@loader_path/Frameworks",
				);
				PRODUCT_BUNDLE_IDENTIFIER = br.com.pedroalmeida.ChuckNorrisFactsTests;
				PRODUCT_NAME = "$(TARGET_NAME)";
				SWIFT_VERSION = 5.0;
				TARGETED_DEVICE_FAMILY = "1,2";
				TEST_HOST = "$(BUILT_PRODUCTS_DIR)/ChuckNorrisFacts.app/ChuckNorrisFacts";
			};
			name = Debug;
		};
		DDA162C7258009F900AC523F /* Release */ = {
			isa = XCBuildConfiguration;
			baseConfigurationReference = 0016DCEC6534E91E9805A736 /* Pods-ChuckNorrisFactsTests.release.xcconfig */;
			buildSettings = {
				ALWAYS_EMBED_SWIFT_STANDARD_LIBRARIES = YES;
				BUNDLE_LOADER = "$(TEST_HOST)";
				CODE_SIGN_STYLE = Automatic;
				INFOPLIST_FILE = ChuckNorrisFactsTests/Info.plist;
				IPHONEOS_DEPLOYMENT_TARGET = 14.0;
				LD_RUNPATH_SEARCH_PATHS = (
					"$(inherited)",
					"@executable_path/Frameworks",
					"@loader_path/Frameworks",
				);
				PRODUCT_BUNDLE_IDENTIFIER = br.com.pedroalmeida.ChuckNorrisFactsTests;
				PRODUCT_NAME = "$(TARGET_NAME)";
				SWIFT_VERSION = 5.0;
				TARGETED_DEVICE_FAMILY = "1,2";
				TEST_HOST = "$(BUILT_PRODUCTS_DIR)/ChuckNorrisFacts.app/ChuckNorrisFacts";
			};
			name = Release;
		};
		DDA162C9258009F900AC523F /* Debug */ = {
			isa = XCBuildConfiguration;
			baseConfigurationReference = 55AD3E26D81694EB71F7D948 /* Pods-ChuckNorrisFacts-ChuckNorrisFactsUITests.debug.xcconfig */;
			buildSettings = {
				ALWAYS_EMBED_SWIFT_STANDARD_LIBRARIES = "$(inherited)";
				CODE_SIGN_STYLE = Automatic;
				INFOPLIST_FILE = ChuckNorrisFactsUITests/Info.plist;
				LD_RUNPATH_SEARCH_PATHS = (
					"$(inherited)",
					"@executable_path/Frameworks",
					"@loader_path/Frameworks",
				);
				PRODUCT_BUNDLE_IDENTIFIER = br.com.pedroalmeida.ChuckNorrisFactsUITests;
				PRODUCT_NAME = "$(TARGET_NAME)";
				SWIFT_VERSION = 5.0;
				TARGETED_DEVICE_FAMILY = "1,2";
				TEST_TARGET_NAME = ChuckNorrisFacts;
			};
			name = Debug;
		};
		DDA162CA258009F900AC523F /* Release */ = {
			isa = XCBuildConfiguration;
			baseConfigurationReference = 742F6198837E9AF944F74281 /* Pods-ChuckNorrisFacts-ChuckNorrisFactsUITests.release.xcconfig */;
			buildSettings = {
				ALWAYS_EMBED_SWIFT_STANDARD_LIBRARIES = "$(inherited)";
				CODE_SIGN_STYLE = Automatic;
				INFOPLIST_FILE = ChuckNorrisFactsUITests/Info.plist;
				LD_RUNPATH_SEARCH_PATHS = (
					"$(inherited)",
					"@executable_path/Frameworks",
					"@loader_path/Frameworks",
				);
				PRODUCT_BUNDLE_IDENTIFIER = br.com.pedroalmeida.ChuckNorrisFactsUITests;
				PRODUCT_NAME = "$(TARGET_NAME)";
				SWIFT_VERSION = 5.0;
				TARGETED_DEVICE_FAMILY = "1,2";
				TEST_TARGET_NAME = ChuckNorrisFacts;
			};
			name = Release;
		};
/* End XCBuildConfiguration section */

/* Begin XCConfigurationList section */
		DDA16298258009F800AC523F /* Build configuration list for PBXProject "ChuckNorrisFacts" */ = {
			isa = XCConfigurationList;
			buildConfigurations = (
				DDA162C0258009F900AC523F /* Debug */,
				DDA162C1258009F900AC523F /* Release */,
			);
			defaultConfigurationIsVisible = 0;
			defaultConfigurationName = Release;
		};
		DDA162C2258009F900AC523F /* Build configuration list for PBXNativeTarget "ChuckNorrisFacts" */ = {
			isa = XCConfigurationList;
			buildConfigurations = (
				DDA162C3258009F900AC523F /* Debug */,
				DDA162C4258009F900AC523F /* Release */,
			);
			defaultConfigurationIsVisible = 0;
			defaultConfigurationName = Release;
		};
		DDA162C5258009F900AC523F /* Build configuration list for PBXNativeTarget "ChuckNorrisFactsTests" */ = {
			isa = XCConfigurationList;
			buildConfigurations = (
				DDA162C6258009F900AC523F /* Debug */,
				DDA162C7258009F900AC523F /* Release */,
			);
			defaultConfigurationIsVisible = 0;
			defaultConfigurationName = Release;
		};
		DDA162C8258009F900AC523F /* Build configuration list for PBXNativeTarget "ChuckNorrisFactsUITests" */ = {
			isa = XCConfigurationList;
			buildConfigurations = (
				DDA162C9258009F900AC523F /* Debug */,
				DDA162CA258009F900AC523F /* Release */,
			);
			defaultConfigurationIsVisible = 0;
			defaultConfigurationName = Release;
		};
/* End XCConfigurationList section */

/* Begin XCVersionGroup section */
		DD40539E25894DA3009C4DDE /* ChuckNorrisFacts.xcdatamodeld */ = {
			isa = XCVersionGroup;
			children = (
				DD40539F25894DA3009C4DDE /* ChuckNorrisFacts.xcdatamodel */,
			);
			currentVersion = DD40539F25894DA3009C4DDE /* ChuckNorrisFacts.xcdatamodel */;
			path = ChuckNorrisFacts.xcdatamodeld;
			sourceTree = "<group>";
			versionGroupType = wrapper.xcdatamodel;
		};
/* End XCVersionGroup section */
	};
	rootObject = DDA16295258009F800AC523F /* Project object */;
}
